// !$*UTF8*$!
{
	archiveVersion = 1;
	classes = {
	};
	objectVersion = 56;
	objects = {

/* Begin PBXBuildFile section */
		490526442A7F1C05000B964C /* FuelingApp.swift in Sources */ = {isa = PBXBuildFile; fileRef = 490526432A7F1C05000B964C /* FuelingApp.swift */; };
		490526462A7F1C05000B964C /* ContentView.swift in Sources */ = {isa = PBXBuildFile; fileRef = 490526452A7F1C05000B964C /* ContentView.swift */; };
		490526482A7F1C05000B964C /* Vehicle.swift in Sources */ = {isa = PBXBuildFile; fileRef = 490526472A7F1C05000B964C /* Vehicle.swift */; };
		4905264A2A7F1C07000B964C /* Assets.xcassets in Resources */ = {isa = PBXBuildFile; fileRef = 490526492A7F1C07000B964C /* Assets.xcassets */; };
		4905264D2A7F1C07000B964C /* Preview Assets.xcassets in Resources */ = {isa = PBXBuildFile; fileRef = 4905264C2A7F1C07000B964C /* Preview Assets.xcassets */; };
		490526542A7F3171000B964C /* AddVehicleView.swift in Sources */ = {isa = PBXBuildFile; fileRef = 490526532A7F3171000B964C /* AddVehicleView.swift */; };
		49C2FE8C2A817E3E00F861B0 /* Fuel.swift in Sources */ = {isa = PBXBuildFile; fileRef = 49C2FE8B2A817E3E00F861B0 /* Fuel.swift */; };
		49C2FE8E2A817F5500F861B0 /* VehicleView.swift in Sources */ = {isa = PBXBuildFile; fileRef = 49C2FE8D2A817F5500F861B0 /* VehicleView.swift */; };
		49C2FE912A8199E900F861B0 /* PreviewContainer.swift in Sources */ = {isa = PBXBuildFile; fileRef = 49C2FE902A8199E900F861B0 /* PreviewContainer.swift */; };
		49C2FE932A819C0C00F861B0 /* ModelPreview.swift in Sources */ = {isa = PBXBuildFile; fileRef = 49C2FE922A819C0C00F861B0 /* ModelPreview.swift */; };
/* End PBXBuildFile section */

/* Begin PBXFileReference section */
		490526402A7F1C05000B964C /* Fueling.app */ = {isa = PBXFileReference; explicitFileType = wrapper.application; includeInIndex = 0; path = Fueling.app; sourceTree = BUILT_PRODUCTS_DIR; };
		490526432A7F1C05000B964C /* FuelingApp.swift */ = {isa = PBXFileReference; lastKnownFileType = sourcecode.swift; path = FuelingApp.swift; sourceTree = "<group>"; };
		490526452A7F1C05000B964C /* ContentView.swift */ = {isa = PBXFileReference; lastKnownFileType = sourcecode.swift; path = ContentView.swift; sourceTree = "<group>"; };
		490526472A7F1C05000B964C /* Vehicle.swift */ = {isa = PBXFileReference; lastKnownFileType = sourcecode.swift; path = Vehicle.swift; sourceTree = "<group>"; };
		490526492A7F1C07000B964C /* Assets.xcassets */ = {isa = PBXFileReference; lastKnownFileType = folder.assetcatalog; path = Assets.xcassets; sourceTree = "<group>"; };
		4905264C2A7F1C07000B964C /* Preview Assets.xcassets */ = {isa = PBXFileReference; lastKnownFileType = folder.assetcatalog; path = "Preview Assets.xcassets"; sourceTree = "<group>"; };
		490526532A7F3171000B964C /* AddVehicleView.swift */ = {isa = PBXFileReference; lastKnownFileType = sourcecode.swift; path = AddVehicleView.swift; sourceTree = "<group>"; };
		49C2FE8B2A817E3E00F861B0 /* Fuel.swift */ = {isa = PBXFileReference; lastKnownFileType = sourcecode.swift; path = Fuel.swift; sourceTree = "<group>"; };
		49C2FE8D2A817F5500F861B0 /* VehicleView.swift */ = {isa = PBXFileReference; lastKnownFileType = sourcecode.swift; path = VehicleView.swift; sourceTree = "<group>"; };
		49C2FE902A8199E900F861B0 /* PreviewContainer.swift */ = {isa = PBXFileReference; lastKnownFileType = sourcecode.swift; path = PreviewContainer.swift; sourceTree = "<group>"; };
		49C2FE922A819C0C00F861B0 /* ModelPreview.swift */ = {isa = PBXFileReference; lastKnownFileType = sourcecode.swift; path = ModelPreview.swift; sourceTree = "<group>"; };
/* End PBXFileReference section */

/* Begin PBXFrameworksBuildPhase section */
		4905263D2A7F1C05000B964C /* Frameworks */ = {
			isa = PBXFrameworksBuildPhase;
			buildActionMask = 2147483647;
			files = (
			);
			runOnlyForDeploymentPostprocessing = 0;
		};
/* End PBXFrameworksBuildPhase section */

/* Begin PBXGroup section */
		490526372A7F1C05000B964C = {
			isa = PBXGroup;
			children = (
				490526422A7F1C05000B964C /* Fueling */,
				490526412A7F1C05000B964C /* Products */,
			);
			sourceTree = "<group>";
		};
		490526412A7F1C05000B964C /* Products */ = {
			isa = PBXGroup;
			children = (
				490526402A7F1C05000B964C /* Fueling.app */,
			);
			name = Products;
			sourceTree = "<group>";
		};
		490526422A7F1C05000B964C /* Fueling */ = {
			isa = PBXGroup;
			children = (
				490526432A7F1C05000B964C /* FuelingApp.swift */,
				490526452A7F1C05000B964C /* ContentView.swift */,
				49C2FE8D2A817F5500F861B0 /* VehicleView.swift */,
				490526532A7F3171000B964C /* AddVehicleView.swift */,
				49C2FE8F2A8199D400F861B0 /* Preview support */,
				49C2FE8A2A817DE200F861B0 /* Models */,
				490526492A7F1C07000B964C /* Assets.xcassets */,
				4905264B2A7F1C07000B964C /* Preview Content */,
			);
			path = Fueling;
			sourceTree = "<group>";
		};
		4905264B2A7F1C07000B964C /* Preview Content */ = {
			isa = PBXGroup;
			children = (
				4905264C2A7F1C07000B964C /* Preview Assets.xcassets */,
			);
			path = "Preview Content";
			sourceTree = "<group>";
		};
		49C2FE8A2A817DE200F861B0 /* Models */ = {
			isa = PBXGroup;
			children = (
				490526472A7F1C05000B964C /* Vehicle.swift */,
				49C2FE8B2A817E3E00F861B0 /* Fuel.swift */,
			);
			name = Models;
			sourceTree = "<group>";
		};
		49C2FE8F2A8199D400F861B0 /* Preview support */ = {
			isa = PBXGroup;
			children = (
				49C2FE902A8199E900F861B0 /* PreviewContainer.swift */,
				49C2FE922A819C0C00F861B0 /* ModelPreview.swift */,
			);
			path = "Preview support";
			sourceTree = "<group>";
		};
/* End PBXGroup section */

/* Begin PBXNativeTarget section */
		4905263F2A7F1C05000B964C /* Fueling */ = {
			isa = PBXNativeTarget;
			buildConfigurationList = 490526502A7F1C07000B964C /* Build configuration list for PBXNativeTarget "Fueling" */;
			buildPhases = (
				4905263C2A7F1C05000B964C /* Sources */,
				4905263D2A7F1C05000B964C /* Frameworks */,
				4905263E2A7F1C05000B964C /* Resources */,
			);
			buildRules = (
			);
			dependencies = (
			);
			name = Fueling;
			productName = Fueling;
			productReference = 490526402A7F1C05000B964C /* Fueling.app */;
			productType = "com.apple.product-type.application";
		};
/* End PBXNativeTarget section */

/* Begin PBXProject section */
		490526382A7F1C05000B964C /* Project object */ = {
			isa = PBXProject;
			attributes = {
				BuildIndependentTargetsInParallel = 1;
				LastSwiftUpdateCheck = 1500;
				LastUpgradeCheck = 1500;
				TargetAttributes = {
					4905263F2A7F1C05000B964C = {
						CreatedOnToolsVersion = 15.0;
					};
				};
			};
			buildConfigurationList = 4905263B2A7F1C05000B964C /* Build configuration list for PBXProject "Fueling" */;
			compatibilityVersion = "Xcode 14.0";
			developmentRegion = en;
			hasScannedForEncodings = 0;
			knownRegions = (
				en,
				Base,
			);
			mainGroup = 490526372A7F1C05000B964C;
			productRefGroup = 490526412A7F1C05000B964C /* Products */;
			projectDirPath = "";
			projectRoot = "";
			targets = (
				4905263F2A7F1C05000B964C /* Fueling */,
			);
		};
/* End PBXProject section */

/* Begin PBXResourcesBuildPhase section */
		4905263E2A7F1C05000B964C /* Resources */ = {
			isa = PBXResourcesBuildPhase;
			buildActionMask = 2147483647;
			files = (
				4905264D2A7F1C07000B964C /* Preview Assets.xcassets in Resources */,
				4905264A2A7F1C07000B964C /* Assets.xcassets in Resources */,
			);
			runOnlyForDeploymentPostprocessing = 0;
		};
/* End PBXResourcesBuildPhase section */

/* Begin PBXSourcesBuildPhase section */
		4905263C2A7F1C05000B964C /* Sources */ = {
			isa = PBXSourcesBuildPhase;
			buildActionMask = 2147483647;
			files = (
				49C2FE932A819C0C00F861B0 /* ModelPreview.swift in Sources */,
				49C2FE8C2A817E3E00F861B0 /* Fuel.swift in Sources */,
				49C2FE8E2A817F5500F861B0 /* VehicleView.swift in Sources */,
				490526462A7F1C05000B964C /* ContentView.swift in Sources */,
				490526482A7F1C05000B964C /* Vehicle.swift in Sources */,
				490526442A7F1C05000B964C /* FuelingApp.swift in Sources */,
				49C2FE912A8199E900F861B0 /* PreviewContainer.swift in Sources */,
				490526542A7F3171000B964C /* AddVehicleView.swift in Sources */,
			);
			runOnlyForDeploymentPostprocessing = 0;
		};
/* End PBXSourcesBuildPhase section */

/* Begin XCBuildConfiguration section */
		4905264E2A7F1C07000B964C /* Debug */ = {
			isa = XCBuildConfiguration;
			buildSettings = {
				ALWAYS_SEARCH_USER_PATHS = NO;
				ASSETCATALOG_COMPILER_GENERATE_SWIFT_ASSET_SYMBOL_EXTENSIONS = YES;
				CLANG_ANALYZER_NONNULL = YES;
				CLANG_ANALYZER_NUMBER_OBJECT_CONVERSION = YES_AGGRESSIVE;
				CLANG_CXX_LANGUAGE_STANDARD = "gnu++20";
				CLANG_ENABLE_MODULES = YES;
				CLANG_ENABLE_OBJC_ARC = YES;
				CLANG_ENABLE_OBJC_WEAK = YES;
				CLANG_WARN_BLOCK_CAPTURE_AUTORELEASING = YES;
				CLANG_WARN_BOOL_CONVERSION = YES;
				CLANG_WARN_COMMA = YES;
				CLANG_WARN_CONSTANT_CONVERSION = YES;
				CLANG_WARN_DEPRECATED_OBJC_IMPLEMENTATIONS = YES;
				CLANG_WARN_DIRECT_OBJC_ISA_USAGE = YES_ERROR;
				CLANG_WARN_DOCUMENTATION_COMMENTS = YES;
				CLANG_WARN_EMPTY_BODY = YES;
				CLANG_WARN_ENUM_CONVERSION = YES;
				CLANG_WARN_INFINITE_RECURSION = YES;
				CLANG_WARN_INT_CONVERSION = YES;
				CLANG_WARN_NON_LITERAL_NULL_CONVERSION = YES;
				CLANG_WARN_OBJC_IMPLICIT_RETAIN_SELF = YES;
				CLANG_WARN_OBJC_LITERAL_CONVERSION = YES;
				CLANG_WARN_OBJC_ROOT_CLASS = YES_ERROR;
				CLANG_WARN_QUOTED_INCLUDE_IN_FRAMEWORK_HEADER = YES;
				CLANG_WARN_RANGE_LOOP_ANALYSIS = YES;
				CLANG_WARN_STRICT_PROTOTYPES = YES;
				CLANG_WARN_SUSPICIOUS_MOVE = YES;
				CLANG_WARN_UNGUARDED_AVAILABILITY = YES_AGGRESSIVE;
				CLANG_WARN_UNREACHABLE_CODE = YES;
				CLANG_WARN__DUPLICATE_METHOD_MATCH = YES;
				COPY_PHASE_STRIP = NO;
				DEBUG_INFORMATION_FORMAT = dwarf;
				ENABLE_STRICT_OBJC_MSGSEND = YES;
				ENABLE_TESTABILITY = YES;
				ENABLE_USER_SCRIPT_SANDBOXING = YES;
				GCC_C_LANGUAGE_STANDARD = gnu17;
				GCC_DYNAMIC_NO_PIC = NO;
				GCC_NO_COMMON_BLOCKS = YES;
				GCC_OPTIMIZATION_LEVEL = 0;
				GCC_PREPROCESSOR_DEFINITIONS = (
					"DEBUG=1",
					"$(inherited)",
				);
				GCC_WARN_64_TO_32_BIT_CONVERSION = YES;
				GCC_WARN_ABOUT_RETURN_TYPE = YES_ERROR;
				GCC_WARN_UNDECLARED_SELECTOR = YES;
				GCC_WARN_UNINITIALIZED_AUTOS = YES_AGGRESSIVE;
				GCC_WARN_UNUSED_FUNCTION = YES;
				GCC_WARN_UNUSED_VARIABLE = YES;
				IPHONEOS_DEPLOYMENT_TARGET = 17.0;
				LOCALIZATION_PREFERS_STRING_CATALOGS = YES;
				MTL_ENABLE_DEBUG_INFO = INCLUDE_SOURCE;
				MTL_FAST_MATH = YES;
				ONLY_ACTIVE_ARCH = YES;
				SDKROOT = iphoneos;
				SWIFT_ACTIVE_COMPILATION_CONDITIONS = "DEBUG $(inherited)";
				SWIFT_OPTIMIZATION_LEVEL = "-Onone";
			};
			name = Debug;
		};
		4905264F2A7F1C07000B964C /* Release */ = {
			isa = XCBuildConfiguration;
			buildSettings = {
				ALWAYS_SEARCH_USER_PATHS = NO;
				ASSETCATALOG_COMPILER_GENERATE_SWIFT_ASSET_SYMBOL_EXTENSIONS = YES;
				CLANG_ANALYZER_NONNULL = YES;
				CLANG_ANALYZER_NUMBER_OBJECT_CONVERSION = YES_AGGRESSIVE;
				CLANG_CXX_LANGUAGE_STANDARD = "gnu++20";
				CLANG_ENABLE_MODULES = YES;
				CLANG_ENABLE_OBJC_ARC = YES;
				CLANG_ENABLE_OBJC_WEAK = YES;
				CLANG_WARN_BLOCK_CAPTURE_AUTORELEASING = YES;
				CLANG_WARN_BOOL_CONVERSION = YES;
				CLANG_WARN_COMMA = YES;
				CLANG_WARN_CONSTANT_CONVERSION = YES;
				CLANG_WARN_DEPRECATED_OBJC_IMPLEMENTATIONS = YES;
				CLANG_WARN_DIRECT_OBJC_ISA_USAGE = YES_ERROR;
				CLANG_WARN_DOCUMENTATION_COMMENTS = YES;
				CLANG_WARN_EMPTY_BODY = YES;
				CLANG_WARN_ENUM_CONVERSION = YES;
				CLANG_WARN_INFINITE_RECURSION = YES;
				CLANG_WARN_INT_CONVERSION = YES;
				CLANG_WARN_NON_LITERAL_NULL_CONVERSION = YES;
				CLANG_WARN_OBJC_IMPLICIT_RETAIN_SELF = YES;
				CLANG_WARN_OBJC_LITERAL_CONVERSION = YES;
				CLANG_WARN_OBJC_ROOT_CLASS = YES_ERROR;
				CLANG_WARN_QUOTED_INCLUDE_IN_FRAMEWORK_HEADER = YES;
				CLANG_WARN_RANGE_LOOP_ANALYSIS = YES;
				CLANG_WARN_STRICT_PROTOTYPES = YES;
				CLANG_WARN_SUSPICIOUS_MOVE = YES;
				CLANG_WARN_UNGUARDED_AVAILABILITY = YES_AGGRESSIVE;
				CLANG_WARN_UNREACHABLE_CODE = YES;
				CLANG_WARN__DUPLICATE_METHOD_MATCH = YES;
				COPY_PHASE_STRIP = NO;
				DEBUG_INFORMATION_FORMAT = "dwarf-with-dsym";
				ENABLE_NS_ASSERTIONS = NO;
				ENABLE_STRICT_OBJC_MSGSEND = YES;
				ENABLE_USER_SCRIPT_SANDBOXING = YES;
				GCC_C_LANGUAGE_STANDARD = gnu17;
				GCC_NO_COMMON_BLOCKS = YES;
				GCC_WARN_64_TO_32_BIT_CONVERSION = YES;
				GCC_WARN_ABOUT_RETURN_TYPE = YES_ERROR;
				GCC_WARN_UNDECLARED_SELECTOR = YES;
				GCC_WARN_UNINITIALIZED_AUTOS = YES_AGGRESSIVE;
				GCC_WARN_UNUSED_FUNCTION = YES;
				GCC_WARN_UNUSED_VARIABLE = YES;
				IPHONEOS_DEPLOYMENT_TARGET = 17.0;
				LOCALIZATION_PREFERS_STRING_CATALOGS = YES;
				MTL_ENABLE_DEBUG_INFO = NO;
				MTL_FAST_MATH = YES;
				SDKROOT = iphoneos;
				SWIFT_COMPILATION_MODE = wholemodule;
				VALIDATE_PRODUCT = YES;
			};
			name = Release;
		};
		490526512A7F1C07000B964C /* Debug */ = {
			isa = XCBuildConfiguration;
			buildSettings = {
				ASSETCATALOG_COMPILER_APPICON_NAME = AppIcon;
				ASSETCATALOG_COMPILER_GLOBAL_ACCENT_COLOR_NAME = AccentColor;
				CODE_SIGN_STYLE = Automatic;
				CURRENT_PROJECT_VERSION = 1;
				DEVELOPMENT_ASSET_PATHS = "\"Fueling/Preview Content\"";
				DEVELOPMENT_TEAM = A3UXBEBE8Z;
				ENABLE_PREVIEWS = YES;
				GENERATE_INFOPLIST_FILE = YES;
				INFOPLIST_KEY_UIApplicationSceneManifest_Generation = YES;
				INFOPLIST_KEY_UIApplicationSupportsIndirectInputEvents = YES;
				INFOPLIST_KEY_UILaunchScreen_Generation = YES;
				INFOPLIST_KEY_UISupportedInterfaceOrientations_iPad = "UIInterfaceOrientationPortrait UIInterfaceOrientationPortraitUpsideDown UIInterfaceOrientationLandscapeLeft UIInterfaceOrientationLandscapeRight";
				INFOPLIST_KEY_UISupportedInterfaceOrientations_iPhone = "UIInterfaceOrientationPortrait UIInterfaceOrientationLandscapeLeft UIInterfaceOrientationLandscapeRight";
				LD_RUNPATH_SEARCH_PATHS = (
					"$(inherited)",
					"@executable_path/Frameworks",
				);
				MARKETING_VERSION = 1.0;
				PRODUCT_BUNDLE_IDENTIFIER = org.snafu.Fueling;
				PRODUCT_NAME = "$(TARGET_NAME)";
				SWIFT_EMIT_LOC_STRINGS = YES;
				SWIFT_VERSION = 5.0;
				TARGETED_DEVICE_FAMILY = "1,2";
			};
			name = Debug;
		};
		490526522A7F1C07000B964C /* Release */ = {
			isa = XCBuildConfiguration;
			buildSettings = {
				ASSETCATALOG_COMPILER_APPICON_NAME = AppIcon;
				ASSETCATALOG_COMPILER_GLOBAL_ACCENT_COLOR_NAME = AccentColor;
				CODE_SIGN_STYLE = Automatic;
				CURRENT_PROJECT_VERSION = 1;
				DEVELOPMENT_ASSET_PATHS = "\"Fueling/Preview Content\"";
				DEVELOPMENT_TEAM = A3UXBEBE8Z;
				ENABLE_PREVIEWS = YES;
				GENERATE_INFOPLIST_FILE = YES;
				INFOPLIST_KEY_UIApplicationSceneManifest_Generation = YES;
				INFOPLIST_KEY_UIApplicationSupportsIndirectInputEvents = YES;
				INFOPLIST_KEY_UILaunchScreen_Generation = YES;
				INFOPLIST_KEY_UISupportedInterfaceOrientations_iPad = "UIInterfaceOrientationPortrait UIInterfaceOrientationPortraitUpsideDown UIInterfaceOrientationLandscapeLeft UIInterfaceOrientationLandscapeRight";
				INFOPLIST_KEY_UISupportedInterfaceOrientations_iPhone = "UIInterfaceOrientationPortrait UIInterfaceOrientationLandscapeLeft UIInterfaceOrientationLandscapeRight";
				LD_RUNPATH_SEARCH_PATHS = (
					"$(inherited)",
					"@executable_path/Frameworks",
				);
				MARKETING_VERSION = 1.0;
				PRODUCT_BUNDLE_IDENTIFIER = org.snafu.Fueling;
				PRODUCT_NAME = "$(TARGET_NAME)";
				SWIFT_EMIT_LOC_STRINGS = YES;
				SWIFT_VERSION = 5.0;
				TARGETED_DEVICE_FAMILY = "1,2";
			};
			name = Release;
		};
/* End XCBuildConfiguration section */

/* Begin XCConfigurationList section */
		4905263B2A7F1C05000B964C /* Build configuration list for PBXProject "Fueling" */ = {
			isa = XCConfigurationList;
			buildConfigurations = (
				4905264E2A7F1C07000B964C /* Debug */,
				4905264F2A7F1C07000B964C /* Release */,
			);
			defaultConfigurationIsVisible = 0;
			defaultConfigurationName = Release;
		};
		490526502A7F1C07000B964C /* Build configuration list for PBXNativeTarget "Fueling" */ = {
			isa = XCConfigurationList;
			buildConfigurations = (
				490526512A7F1C07000B964C /* Debug */,
				490526522A7F1C07000B964C /* Release */,
			);
			defaultConfigurationIsVisible = 0;
			defaultConfigurationName = Release;
		};
/* End XCConfigurationList section */
	};
	rootObject = 490526382A7F1C05000B964C /* Project object */;
}
